Microsoft Visual Studio Solution File, Format Version 12.00
# Visual Studio Version 17
VisualStudioVersion = 17.5.2.0
MinimumVisualStudioVersion = 10.0.40219.1
Project("{FAE04EC0-301F-11D3-BF4B-00C04F79EFBC}") = "OrderManagementApi", "OrderManagementApi\OrderManagementApi.csproj", "{39EE4736-57D4-FF40-42A3-6143E9643D49}"
EndProject
Global
	GlobalSection(SolutionConfigurationPlatforms) = preSolution
		Debug|Any CPU = Debug|Any CPU
		Release|Any CPU = Release|Any CPU
	EndGlobalSection
	GlobalSection(ProjectConfigurationPlatforms) = postSolution
		{39EE4736-57D4-FF40-42A3-6143E9643D49}.Debug|Any CPU.ActiveCfg = Debug|Any CPU
		{39EE4736-57D4-FF40-42A3-6143E9643D49}.Debug|Any CPU.Build.0 = Debug|Any CPU
		{39EE4736-57D4-FF40-42A3-6143E9643D49}.Release|Any CPU.ActiveCfg = Release|Any CPU
		{39EE4736-57D4-FF40-42A3-6143E9643D49}.Release|Any CPU.Build.0 = Release|Any CPU
	EndGlobalSection
	GlobalSection(SolutionProperties) = preSolution
		HideSolutionNode = FALSE
	EndGlobalSection
	GlobalSection(ExtensibilityGlobals) = postSolution
		SolutionGuid = {429A385D-F493-4627-B865-601E3373991A}
	EndGlobalSection
EndGlobal
